
Microsoft Visual Studio Solution File, Format Version 12.00
# Visual Studio Version 16
VisualStudioVersion = 16.0.31105.61
MinimumVisualStudioVersion = 10.0.40219.1
Project("{FAE04EC0-301F-11D3-BF4B-00C04F79EFBC}") = "ProductWebApi", "ProductWebApi\ProductWebApi.csproj", "{05D2C93A-3835-4BB1-A8D9-743A8ECFD79B}"
EndProject
Global
	GlobalSection(SolutionConfigurationPlatforms) = preSolution
		Debug|Any CPU = Debug|Any CPU
		Release|Any CPU = Release|Any CPU
	EndGlobalSection
	GlobalSection(ProjectConfigurationPlatforms) = postSolution
		{05D2C93A-3835-4BB1-A8D9-743A8ECFD79B}.Debug|Any CPU.ActiveCfg = Debug|Any CPU
		{05D2C93A-3835-4BB1-A8D9-743A8ECFD79B}.Debug|Any CPU.Build.0 = Debug|Any CPU
		{05D2C93A-3835-4BB1-A8D9-743A8ECFD79B}.Release|Any CPU.ActiveCfg = Release|Any CPU
		{05D2C93A-3835-4BB1-A8D9-743A8ECFD79B}.Release|Any CPU.Build.0 = Release|Any CPU
	EndGlobalSection
	GlobalSection(SolutionProperties) = preSolution
		HideSolutionNode = FALSE
	EndGlobalSection
	GlobalSection(ExtensibilityGlobals) = postSolution
		SolutionGuid = {446B9798-587C-4D45-96A0-D6E255967BAB}
	EndGlobalSection
EndGlobal
